{
    "_meta": {
        "hash": {
            "sha256": "72e63a77d0c3ff820937b215891cdab215ae3c784a98a32e44e6dff7c1c5c717"
        },
        "pipfile-spec": 6,
        "requires": {
            "python_version": "3.7"
        },
        "sources": [
            {
                "name": "pypi",
                "url": "https://pypi.org/simple",
                "verify_ssl": true
            }
        ]
    },
    "default": {
        "adal": {
            "hashes": [
                "sha256:7a15d22b1ee7ce1be92441199958748982feba6b7dec35fbf60f9b607bad1bc0",
                "sha256:b332316f54d947f39acd9628e7d61d90f6e54d413d6f97025a51482c96bac6bc"
            ],
            "index": "pypi",
            "version": "==1.2.4"
        },
        "asn1crypto": {
            "hashes": [
                "sha256:5a215cb8dc12f892244e3a113fe05397ee23c5c4ca7a69cd6e69811755efc42d",
                "sha256:831d2710d3274c8a74befdddaf9f17fcbf6e350534565074818722d6d615b315"
            ],
            "version": "==1.3.0"
        },
        "azure-common": {
            "hashes": [
                "sha256:ce0f1013e6d0e9faebaf3188cc069f4892fc60a6ec552e3f817c1a2f92835054",
                "sha256:fd02e4256dc9cdd2d4422bc795bdca2ef302f7a86148b154fbf4ea1f09da400a"
            ],
            "version": "==1.1.25"
        },
        "azure-core": {
            "hashes": [
                "sha256:2d1aade2795ea0ac2a903af940c3e0dfe75d25351ec4fc44edf747e97d703dfb",
                "sha256:a66da240a287f447f9867f54ba09ea235895cec13ea38c5f490ce4eedefdd75c"
            ],
            "version": "==1.7.0"
        },
        "azure-storage-blob": {
            "hashes": [
                "sha256:8a02a33cd28a16963274dc928960642e99ec19cad27166fb386ebcc0f1216706",
                "sha256:b99ce18c5063b22a988e6e997a491aab6c7c4dd62d1424b4e2b934e6ef104356"
            ],
            "markers": "python_full_version >= '3.5.2'",
            "version": "==12.3.2"
        },
        "boto3": {
            "hashes": [
                "sha256:0272d3e76010ce3452cac8b1d23786533a9526da9c211540df0b712e2040027e",
                "sha256:07bd0872e9178b637baefb82aff8abb76197770c9fc60c4d6575564ba878e3e4"
            ],
            "version": "==1.14.22"
        },
        "botocore": {
            "hashes": [
                "sha256:4d084dfcfcdf21ac2df17d017607ca53d53ac6c2fa17484cdd87ef78daba06b8",
                "sha256:f491d3c29d7dda8c8907c520bc96d77a67a8953dfed7f55c250799849e213640"
            ],
            "version": "==1.17.22"
        },
        "certifi": {
            "hashes": [
                "sha256:5930595817496dd21bb8dc35dad090f1c2cd0adfaf21204bf6732ca5d8ee34d3",
                "sha256:8fc0819f1f30ba15bdb34cceffb9ef04d99f420f68eb75d901e9560b8749fc41"
            ],
            "version": "==2020.6.20"
        },
        "cffi": {
            "hashes": [
                "sha256:001bf3242a1bb04d985d63e138230802c6c8d4db3668fb545fb5005ddf5bb5ff",
                "sha256:00789914be39dffba161cfc5be31b55775de5ba2235fe49aa28c148236c4e06b",
                "sha256:028a579fc9aed3af38f4892bdcc7390508adabc30c6af4a6e4f611b0c680e6ac",
                "sha256:14491a910663bf9f13ddf2bc8f60562d6bc5315c1f09c704937ef17293fb85b0",
                "sha256:1cae98a7054b5c9391eb3249b86e0e99ab1e02bb0cc0575da191aedadbdf4384",
                "sha256:2089ed025da3919d2e75a4d963d008330c96751127dd6f73c8dc0c65041b4c26",
                "sha256:2d384f4a127a15ba701207f7639d94106693b6cd64173d6c8988e2c25f3ac2b6",
                "sha256:337d448e5a725bba2d8293c48d9353fc68d0e9e4088d62a9571def317797522b",
                "sha256:399aed636c7d3749bbed55bc907c3288cb43c65c4389964ad5ff849b6370603e",
                "sha256:3b911c2dbd4f423b4c4fcca138cadde747abdb20d196c4a48708b8a2d32b16dd",
                "sha256:3d311bcc4a41408cf5854f06ef2c5cab88f9fded37a3b95936c9879c1640d4c2",
                "sha256:62ae9af2d069ea2698bf536dcfe1e4eed9090211dbaafeeedf5cb6c41b352f66",
                "sha256:66e41db66b47d0d8672d8ed2708ba91b2f2524ece3dee48b5dfb36be8c2f21dc",
                "sha256:675686925a9fb403edba0114db74e741d8181683dcf216be697d208857e04ca8",
                "sha256:7e63cbcf2429a8dbfe48dcc2322d5f2220b77b2e17b7ba023d6166d84655da55",
                "sha256:8a6c688fefb4e1cd56feb6c511984a6c4f7ec7d2a1ff31a10254f3c817054ae4",
                "sha256:8c0ffc886aea5df6a1762d0019e9cb05f825d0eec1f520c51be9d198701daee5",
                "sha256:95cd16d3dee553f882540c1ffe331d085c9e629499ceadfbda4d4fde635f4b7d",
                "sha256:99f748a7e71ff382613b4e1acc0ac83bf7ad167fb3802e35e90d9763daba4d78",
                "sha256:b8c78301cefcf5fd914aad35d3c04c2b21ce8629b5e4f4e45ae6812e461910fa",
                "sha256:c420917b188a5582a56d8b93bdd8e0f6eca08c84ff623a4c16e809152cd35793",
                "sha256:c43866529f2f06fe0edc6246eb4faa34f03fe88b64a0a9a942561c8e22f4b71f",
                "sha256:cab50b8c2250b46fe738c77dbd25ce017d5e6fb35d3407606e7a4180656a5a6a",
                "sha256:cef128cb4d5e0b3493f058f10ce32365972c554572ff821e175dbc6f8ff6924f",
                "sha256:cf16e3cf6c0a5fdd9bc10c21687e19d29ad1fe863372b5543deaec1039581a30",
                "sha256:e56c744aa6ff427a607763346e4170629caf7e48ead6921745986db3692f987f",
                "sha256:e577934fc5f8779c554639376beeaa5657d54349096ef24abe8c74c5d9c117c3",
                "sha256:f2b0fa0c01d8a0c7483afd9f31d7ecf2d71760ca24499c8697aeb5ca37dc090c"
            ],
            "version": "==1.14.0"
        },
        "chardet": {
            "hashes": [
                "sha256:84ab92ed1c4d4f16916e05906b6b75a6c0fb5db821cc65e70cbd64a3e2a5eaae",
                "sha256:fc323ffcaeaed0e0a02bf4d117757b98aed530d9ed4531e3e15460124c106691"
            ],
            "version": "==3.0.4"
        },
        "click": {
            "hashes": [
                "sha256:d2b5255c7c6349bc1bd1e59e08cd12acbbd63ce649f2588755783aa94dfb6b1a",
                "sha256:dacca89f4bfadd5de3d7489b7c8a566eee0d3676333fbb50030263894c38c0dc"
            ],
            "markers": "python_version >= '2.7' and python_version not in '3.0, 3.1, 3.2, 3.3, 3.4'",
            "version": "==7.1.2"
        },
        "cryptography": {
            "hashes": [
                "sha256:091d31c42f444c6f519485ed528d8b451d1a0c7bf30e8ca583a0cac44b8a0df6",
                "sha256:18452582a3c85b96014b45686af264563e3e5d99d226589f057ace56196ec78b",
                "sha256:1dfa985f62b137909496e7fc182dac687206d8d089dd03eaeb28ae16eec8e7d5",
                "sha256:1e4014639d3d73fbc5ceff206049c5a9a849cefd106a49fa7aaaa25cc0ce35cf",
                "sha256:22e91636a51170df0ae4dcbd250d318fd28c9f491c4e50b625a49964b24fe46e",
                "sha256:3b3eba865ea2754738616f87292b7f29448aec342a7c720956f8083d252bf28b",
                "sha256:651448cd2e3a6bc2bb76c3663785133c40d5e1a8c1a9c5429e4354201c6024ae",
                "sha256:726086c17f94747cedbee6efa77e99ae170caebeb1116353c6cf0ab67ea6829b",
                "sha256:844a76bc04472e5135b909da6aed84360f522ff5dfa47f93e3dd2a0b84a89fa0",
                "sha256:88c881dd5a147e08d1bdcf2315c04972381d026cdb803325c03fe2b4a8ed858b",
                "sha256:96c080ae7118c10fcbe6229ab43eb8b090fccd31a09ef55f83f690d1ef619a1d",
                "sha256:a0c30272fb4ddda5f5ffc1089d7405b7a71b0b0f51993cb4e5dbb4590b2fc229",
                "sha256:bb1f0281887d89617b4c68e8db9a2c42b9efebf2702a3c5bf70599421a8623e3",
                "sha256:c447cf087cf2dbddc1add6987bbe2f767ed5317adb2d08af940db517dd704365",
                "sha256:c4fd17d92e9d55b84707f4fd09992081ba872d1a0c610c109c18e062e06a2e55",
                "sha256:d0d5aeaedd29be304848f1c5059074a740fa9f6f26b84c5b63e8b29e73dfc270",
                "sha256:daf54a4b07d67ad437ff239c8a4080cfd1cc7213df57d33c97de7b4738048d5e",
                "sha256:e993468c859d084d5579e2ebee101de8f5a27ce8e2159959b6673b418fd8c785",
                "sha256:f118a95c7480f5be0df8afeb9a11bd199aa20afab7a96bcf20409b411a3a85f0"
            ],
            "markers": "python_version >= '2.7' and python_version not in '3.0, 3.1, 3.2, 3.3, 3.4'",
            "version": "==2.9.2"
        },
        "docutils": {
            "hashes": [
                "sha256:6c4f696463b79f1fb8ba0c594b63840ebd41f059e92b31957c46b74a4599b6d0",
                "sha256:9e4d7ecfc600058e07ba661411a2b7de2fd0fafa17d1a7f7361cd47b1175c827",
                "sha256:a2aeea129088da402665e92e0b25b04b073c04b2dce4ab65caaa38b7ce2e1a99"
            ],
            "markers": "python_version >= '2.6' and python_version not in '3.0, 3.1, 3.2, 3.3'",
            "version": "==0.15.2"
        },
        "fastapi": {
            "hashes": [
                "sha256:50b58aa3e7d5bcb4a4404ac7e550cc53f0cf7ca0fd13c7fd515693dc23c9caef",
                "sha256:c04dacd3deed0fd0ffdcdb116b5a04ffa257656885be7fae7234f4f62ec4a0a9"
            ],
            "index": "pypi",
            "version": "==0.59.0"
        },
        "h11": {
            "hashes": [
                "sha256:33d4bca7be0fa039f4e84d50ab00531047e53d6ee8ffbc83501ea602c169cae1",
                "sha256:4bc6d6a1238b7615b266ada57e0618568066f57dd6fa967d1290ec9309b2f2f1"
            ],
            "version": "==0.9.0"
        },
        "httptools": {
            "hashes": [
                "sha256:0a4b1b2012b28e68306575ad14ad5e9120b34fccd02a81eb08838d7e3bbb48be",
                "sha256:3592e854424ec94bd17dc3e0c96a64e459ec4147e6d53c0a42d0ebcef9cb9c5d",
                "sha256:41b573cf33f64a8f8f3400d0a7faf48e1888582b6f6e02b82b9bd4f0bf7497ce",
                "sha256:56b6393c6ac7abe632f2294da53f30d279130a92e8ae39d8d14ee2e1b05ad1f2",
                "sha256:86c6acd66765a934e8730bf0e9dfaac6fdcf2a4334212bd4a0a1c78f16475ca6",
                "sha256:96da81e1992be8ac2fd5597bf0283d832287e20cb3cfde8996d2b00356d4e17f",
                "sha256:96eb359252aeed57ea5c7b3d79839aaa0382c9d3149f7d24dd7172b1bcecb009",
                "sha256:a2719e1d7a84bb131c4f1e0cb79705034b48de6ae486eb5297a139d6a3296dce",
                "sha256:ac0aa11e99454b6a66989aa2d44bca41d4e0f968e395a0a8f164b401fefe359a",
                "sha256:bc3114b9edbca5a1eb7ae7db698c669eb53eb8afbbebdde116c174925260849c",
                "sha256:fa3cd71e31436911a44620473e873a256851e1f53dee56669dae403ba41756a4",
                "sha256:fea04e126014169384dee76a153d4573d90d0cbd1d12185da089f73c78390437"
            ],
            "markers": "sys_platform != 'win32' and sys_platform != 'cygwin' and platform_python_implementation != 'PyPy'",
            "version": "==0.1.1"
        },
        "idna": {
            "hashes": [
                "sha256:7588d1c14ae4c77d74036e8c22ff447b26d0fde8f007354fd48a7814db15b7cb",
                "sha256:a068a21ceac8a4d63dbfd964670474107f541babbd2250d61922f029858365fa"
            ],
            "markers": "python_version >= '2.7' and python_version not in '3.0, 3.1, 3.2, 3.3'",
            "version": "==2.9"
        },
        "isodate": {
            "hashes": [
                "sha256:2e364a3d5759479cdb2d37cce6b9376ea504db2ff90252a2e5b7cc89cc9ff2d8",
                "sha256:aa4d33c06640f5352aca96e4b81afd8ab3b47337cc12089822d6f322ac772c81"
            ],
            "version": "==0.6.0"
        },
        "isort": {
            "hashes": [
                "sha256:069aa3af9b51c7f67311710e70514e685e868cd71cc1c39e78a5264f0d048c1e",
                "sha256:18aa2e5d9dd7314115baa20e81e242ee4a83f0e72f14c44a642749f69cc8dc26"
            ],
            "index": "pypi",
            "version": "==5.1.1"
        },
        "jmespath": {
            "hashes": [
                "sha256:b85d0567b8666149a93172712e68920734333c0ce7e89b78b3e987f71e5ed4f9",
                "sha256:cdf6525904cc597730141d61b36f2e4b8ecc257c420fa2f4549bac2c2d0cb72f"
            ],
            "markers": "python_version >= '2.6' and python_version not in '3.0, 3.1, 3.2, 3.3'",
            "version": "==0.10.0"
        },
        "msrest": {
            "hashes": [
                "sha256:1345f73c178a7b445716590bc1346d44ac47c647ee83be57a48e2027d618f17c",
                "sha256:c51ac6ce2d151b47dd4b3eed0fb8596b6e7c2067eff6bb82e874beaf7bfec531"
            ],
            "version": "==0.6.17"
        },
        "numpy": {
            "hashes": [
                "sha256:13af0184177469192d80db9bd02619f6fa8b922f9f327e077d6f2a6acb1ce1c0",
                "sha256:26a45798ca2a4e168d00de75d4a524abf5907949231512f372b217ede3429e98",
                "sha256:26f509450db547e4dfa3ec739419b31edad646d21fb8d0ed0734188b35ff6b27",
                "sha256:30a59fb41bb6b8c465ab50d60a1b298d1cd7b85274e71f38af5a75d6c475d2d2",
                "sha256:33c623ef9ca5e19e05991f127c1be5aeb1ab5cdf30cb1c5cf3960752e58b599b",
                "sha256:356f96c9fbec59974a592452ab6a036cd6f180822a60b529a975c9467fcd5f23",
                "sha256:3c40c827d36c6d1c3cf413694d7dc843d50997ebffbc7c87d888a203ed6403a7",
                "sha256:4d054f013a1983551254e2379385e359884e5af105e3efe00418977d02f634a7",
                "sha256:63d971bb211ad3ca37b2adecdd5365f40f3b741a455beecba70fd0dde8b2a4cb",
                "sha256:658624a11f6e1c252b2cd170d94bf28c8f9410acab9f2fd4369e11e1cd4e1aaf",
                "sha256:76766cc80d6128750075378d3bb7812cf146415bd29b588616f72c943c00d598",
                "sha256:7b57f26e5e6ee2f14f960db46bd58ffdca25ca06dd997729b1b179fddd35f5a3",
                "sha256:7b852817800eb02e109ae4a9cef2beda8dd50d98b76b6cfb7b5c0099d27b52d4",
                "sha256:8cde829f14bd38f6da7b2954be0f2837043e8b8d7a9110ec5e318ae6bf706610",
                "sha256:a2e3a39f43f0ce95204beb8fe0831199542ccab1e0c6e486a0b4947256215632",
                "sha256:a86c962e211f37edd61d6e11bb4df7eddc4a519a38a856e20a6498c319efa6b0",
                "sha256:a8705c5073fe3fcc297fb8e0b31aa794e05af6a329e81b7ca4ffecab7f2b95ef",
                "sha256:b6aaeadf1e4866ca0fdf7bb4eed25e521ae21a7947c59f78154b24fc7abbe1dd",
                "sha256:be62aeff8f2f054eff7725f502f6228298891fd648dc2630e03e44bf63e8cee0",
                "sha256:c2edbb783c841e36ca0fa159f0ae97a88ce8137fb3a6cd82eae77349ba4b607b",
                "sha256:cbe326f6d364375a8e5a8ccb7e9cd73f4b2f6dc3b2ed205633a0db8243e2a96a",
                "sha256:d34fbb98ad0d6b563b95de852a284074514331e6b9da0a9fc894fb1cdae7a79e",
                "sha256:d97a86937cf9970453c3b62abb55a6475f173347b4cde7f8dcdb48c8e1b9952d",
                "sha256:dd53d7c4a69e766e4900f29db5872f5824a06827d594427cf1a4aa542818b796",
                "sha256:df1889701e2dfd8ba4dc9b1a010f0a60950077fb5242bb92c8b5c7f1a6f2668a",
                "sha256:fa1fe75b4a9e18b66ae7f0b122543c42debcf800aaafa0212aaff3ad273c2596"
            ],
            "markers": "python_version >= '3.6'",
            "version": "==1.19.0"
        },
        "oauthlib": {
            "hashes": [
                "sha256:bee41cc35fcca6e988463cacc3bcb8a96224f470ca547e697b604cc697b2f889",
                "sha256:df884cd6cbe20e32633f1db1072e9356f53638e4361bef4e8b03c9127c9328ea"
            ],
            "markers": "python_version >= '2.7' and python_version not in '3.0, 3.1, 3.2, 3.3'",
            "version": "==3.1.0"
        },
        "oscrypto": {
            "hashes": [
                "sha256:2f53f50813ecc5114fd126b89766fabdb9448e0bb080814451cc4bb92acafca4",
                "sha256:e9ea9401294b20ee17225502cc308660814ba8de386f94bc9b1dcf518d5399d9"
            ],
            "version": "==1.2.0"
        },
        "pandas": {
            "hashes": [
                "sha256:02f1e8f71cd994ed7fcb9a35b6ddddeb4314822a0e09a9c5b2d278f8cb5d4096",
                "sha256:13f75fb18486759da3ff40f5345d9dd20e7d78f2a39c5884d013456cec9876f0",
                "sha256:35b670b0abcfed7cad76f2834041dcf7ae47fd9b22b63622d67cdc933d79f453",
                "sha256:4c73f373b0800eb3062ffd13d4a7a2a6d522792fa6eb204d67a4fad0a40f03dc",
                "sha256:5759edf0b686b6f25a5d4a447ea588983a33afc8a0081a0954184a4a87fd0dd7",
                "sha256:5a7cf6044467c1356b2b49ef69e50bf4d231e773c3ca0558807cdba56b76820b",
                "sha256:69c5d920a0b2a9838e677f78f4dde506b95ea8e4d30da25859db6469ded84fa8",
                "sha256:8778a5cc5a8437a561e3276b85367412e10ae9fff07db1eed986e427d9a674f8",
                "sha256:9871ef5ee17f388f1cb35f76dc6106d40cb8165c562d573470672f4cdefa59ef",
                "sha256:9c31d52f1a7dd2bb4681d9f62646c7aa554f19e8e9addc17e8b1b20011d7522d",
                "sha256:ab8173a8efe5418bbe50e43f321994ac6673afc5c7c4839014cf6401bbdd0705",
                "sha256:ae961f1f0e270f1e4e2273f6a539b2ea33248e0e3a11ffb479d757918a5e03a9",
                "sha256:b3c4f93fcb6e97d993bf87cdd917883b7dab7d20c627699f360a8fb49e9e0b91",
                "sha256:c9410ce8a3dee77653bc0684cfa1535a7f9c291663bd7ad79e39f5ab58f67ab3",
                "sha256:f69e0f7b7c09f1f612b1f8f59e2df72faa8a6b41c5a436dde5b615aaf948f107",
                "sha256:faa42a78d1350b02a7d2f0dbe3c80791cf785663d6997891549d0f86dc49125e"
            ],
            "index": "pypi",
            "version": "==1.0.5"
        },
        "pycparser": {
            "hashes": [
                "sha256:2d475327684562c3a96cc71adf7dc8c4f0565175cf86b6d7a404ff4c771f15f0",
                "sha256:7582ad22678f0fcd81102833f60ef8d0e57288b6b5fb00323d101be910e35705"
            ],
            "markers": "python_version >= '2.7' and python_version not in '3.0, 3.1, 3.2, 3.3'",
            "version": "==2.20"
        },
        "pycryptodomex": {
            "hashes": [
                "sha256:06f5a458624c9b0e04c0086c7f84bcc578567dab0ddc816e0476b3057b18339f",
                "sha256:1714675fb4ac29a26ced38ca22eb8ffd923ac851b7a6140563863194d7158422",
                "sha256:17272d06e4b2f6455ee2cbe93e8eb50d9450a5dc6223d06862ee1ea5d1235861",
                "sha256:2199708ebeed4b82eb45b10e1754292677f5a0df7d627ee91ea01290b9bab7e6",
                "sha256:2275a663c9e744ee4eace816ef2d446b3060554c5773a92fbc79b05bf47debda",
                "sha256:2710fc8d83b3352b370db932b3710033b9d630b970ff5aaa3e7458b5336e3b32",
                "sha256:35b9c9177a9fe7288b19dd41554c9c8ca1063deb426dd5a02e7e2a7416b6bd11",
                "sha256:3caa32cf807422adf33c10c88c22e9e2e08b9d9d042f12e1e25fe23113dd618f",
                "sha256:48cc2cfc251f04a6142badeb666d1ff49ca6fdfc303fd72579f62b768aaa52b9",
                "sha256:4ae6379350a09339109e9b6f419bb2c3f03d3e441f4b0f5b8ca699d47cc9ff7e",
                "sha256:4e0b27697fa1621c6d3d3b4edeec723c2e841285de6a8d378c1962da77b349be",
                "sha256:58e19560814dabf5d788b95a13f6b98279cf41a49b1e49ee6cf6c79a57adb4c9",
                "sha256:8044eae59301dd392fbb4a7c5d64e1aea8ef0be2540549807ecbe703d6233d68",
                "sha256:89be1bf55e50116fe7e493a7c0c483099770dd7f81b87ac8d04a43b1a203e259",
                "sha256:8fcdda24dddf47f716400d54fc7f75cadaaba1dd47cc127e59d752c9c0fc3c48",
                "sha256:914fbb18e29c54585e6aa39d300385f90d0fa3b3cc02ed829b08f95c1acf60c2",
                "sha256:93a75d1acd54efed314b82c952b39eac96ce98d241ad7431547442e5c56138aa",
                "sha256:9fd758e5e2fe02d57860b85da34a1a1e7037155c4eadc2326fc7af02f9cae214",
                "sha256:a2bc4e1a2e6ca3a18b2e0be6131a23af76fecb37990c159df6edc7da6df913e3",
                "sha256:a2ee8ba99d33e1a434fcd27d7d0aa7964163efeee0730fe2efc9d60edae1fc71",
                "sha256:b2d756620078570d3f940c84bc94dd30aa362b795cce8b2723300a8800b87f1c",
                "sha256:c0d085c8187a1e4d3402f626c9e438b5861151ab132d8761d9c5ce6491a87761",
                "sha256:c990f2c58f7c67688e9e86e6557ed05952669ff6f1343e77b459007d85f7df00",
                "sha256:ccbbec59bf4b74226170c54476da5780c9176bae084878fc94d9a2c841218e34",
                "sha256:dc2bed32c7b138f1331794e454a953360c8cedf3ee62ae31f063822da6007489",
                "sha256:e070a1f91202ed34c396be5ea842b886f6fa2b90d2db437dc9fb35a26c80c060",
                "sha256:e42860fbe1292668b682f6dabd225fbe2a7a4fa1632f0c39881c019e93dea594",
                "sha256:e4e1c486bf226822c8dceac81d0ec59c0a2399dbd1b9e04f03c3efa3605db677",
                "sha256:ea4d4b58f9bc34e224ef4b4604a6be03d72ef1f8c486391f970205f6733dbc46",
                "sha256:f60b3484ce4be04f5da3777c51c5140d3fe21cdd6674f2b6568f41c8130bcdeb"
            ],
            "markers": "python_version >= '2.6' and python_version not in '3.0, 3.1, 3.2, 3.3'",
            "version": "==3.9.8"
        },
        "pydantic": {
            "hashes": [
                "sha256:1783c1d927f9e1366e0e0609ae324039b2479a1a282a98ed6a6836c9ed02002c",
                "sha256:2dc946b07cf24bee4737ced0ae77e2ea6bc97489ba5a035b603bd1b40ad81f7e",
                "sha256:2de562a456c4ecdc80cf1a8c3e70c666625f7d02d89a6174ecf63754c734592e",
                "sha256:36dbf6f1be212ab37b5fda07667461a9219c956181aa5570a00edfb0acdfe4a1",
                "sha256:3fa799f3cfff3e5f536cbd389368fc96a44bb30308f258c94ee76b73bd60531d",
                "sha256:40d765fa2d31d5be8e29c1794657ad46f5ee583a565c83cea56630d3ae5878b9",
                "sha256:418b84654b60e44c0cdd5384294b0e4bc1ebf42d6e873819424f3b78b8690614",
                "sha256:4900b8820b687c9a3ed753684337979574df20e6ebe4227381d04b3c3c628f99",
                "sha256:530d7222a2786a97bc59ee0e0ebbe23728f82974b1f1ad9a11cd966143410633",
                "sha256:54122a8ed6b75fe1dd80797f8251ad2063ea348a03b77218d73ea9fe19bd4e73",
                "sha256:6c3f162ba175678218629f446a947e3356415b6b09122dcb364e58c442c645a7",
                "sha256:b49c86aecde15cde33835d5d6360e55f5e0067bb7143a8303bf03b872935c75b",
                "sha256:b5b3489cb303d0f41ad4a7390cf606a5f2c7a94dcba20c051cd1c653694cb14d",
                "sha256:cf3933c98cb5e808b62fae509f74f209730b180b1e3c3954ee3f7949e083a7df",
                "sha256:eb75dc1809875d5738df14b6566ccf9fd9c0bcde4f36b72870f318f16b9f5c20",
                "sha256:f769141ab0abfadf3305d4fcf36660e5cf568a666dd3efab7c3d4782f70946b1",
                "sha256:f8af9b840a9074e08c0e6dc93101de84ba95df89b267bf7151d74c553d66833b"
            ],
            "markers": "python_version >= '3.6'",
            "version": "==1.6.1"
        },
        "pyjwt": {
            "hashes": [
                "sha256:5c6eca3c2940464d106b99ba83b00c6add741c9becaec087fb7ccdefea71350e",
                "sha256:8d59a976fb773f3e6a39c85636357c4f0e242707394cadadd9814f5cbaa20e96"
            ],
            "version": "==1.7.1"
        },
        "pyopenssl": {
            "hashes": [
                "sha256:621880965a720b8ece2f1b2f54ea2071966ab00e2970ad2ce11d596102063504",
                "sha256:9a24494b2602aaf402be5c9e30a0b82d4a5c67528fe8fb475e3f3bc00dd69507"
            ],
            "version": "==19.1.0"
        },
        "python-dateutil": {
            "hashes": [
                "sha256:73ebfe9dbf22e832286dafa60473e4cd239f8592f699aa5adaf10050e6e1823c",
                "sha256:75bb3f31ea686f1197762692a9ee6a7550b59fc6ca3a1f4b5d7e32fb98e2da2a"
            ],
            "markers": "python_version >= '2.7' and python_version not in '3.0, 3.1, 3.2, 3.3'",
            "version": "==2.8.1"
        },
        "pytz": {
            "hashes": [
                "sha256:a494d53b6d39c3c6e44c3bec237336e14305e4f29bbf800b599253057fbb79ed",
                "sha256:c35965d010ce31b23eeb663ed3cc8c906275d6be1a34393a1d73a41febf4a048"
            ],
            "version": "==2020.1"
        },
        "pyyaml": {
            "hashes": [
                "sha256:06a0d7ba600ce0b2d2fe2e78453a470b5a6e000a985dd4a4e54e436cc36b0e97",
                "sha256:240097ff019d7c70a4922b6869d8a86407758333f02203e0fc6ff79c5dcede76",
                "sha256:4f4b913ca1a7319b33cfb1369e91e50354d6f07a135f3b901aca02aa95940bd2",
                "sha256:69f00dca373f240f842b2931fb2c7e14ddbacd1397d57157a9b005a6a9942648",
                "sha256:73f099454b799e05e5ab51423c7bcf361c58d3206fa7b0d555426b1f4d9a3eaf",
                "sha256:74809a57b329d6cc0fdccee6318f44b9b8649961fa73144a98735b0aaf029f1f",
                "sha256:7739fc0fa8205b3ee8808aea45e968bc90082c10aef6ea95e855e10abf4a37b2",
                "sha256:95f71d2af0ff4227885f7a6605c37fd53d3a106fcab511b8860ecca9fcf400ee",
                "sha256:b8eac752c5e14d3eca0e6dd9199cd627518cb5ec06add0de9d32baeee6fe645d",
                "sha256:cc8955cfbfc7a115fa81d85284ee61147059a753344bc51098f3ccd69b0d7e0c",
                "sha256:d13155f591e6fcc1ec3b30685d50bf0711574e2c0dfffd7644babf8b5102ca1a"
            ],
            "index": "pypi",
            "version": "==5.3.1"
        },
        "requests": {
            "hashes": [
                "sha256:43999036bfa82904b6af1d99e4882b560e5e2c68e5c4b0aa03b655f3d7d73fee",
                "sha256:5d2d0ffbb515f39417009a46c14256291061ac01ba8f875b90cad137de83beb4",
                "sha256:b3f43d496c6daba4493e7c431722aeb7dbc6288f52a6e04e7b6023b0247817e6"
            ],
            "markers": "python_version >= '2.7' and python_version not in '3.0, 3.1, 3.2, 3.3, 3.4'",
            "version": "==2.23.0"
        },
        "requests-oauthlib": {
            "hashes": [
                "sha256:7f71572defaecd16372f9006f33c2ec8c077c3cfa6f5911a9a90202beb513f3d",
                "sha256:b4261601a71fd721a8bd6d7aa1cc1d6a8a93b4a9f5e96626f8e4d91e8beeaa6a",
                "sha256:fa6c47b933f01060936d87ae9327fead68768b69c6c9ea2109c48be30f2d4dbc"
            ],
            "version": "==1.3.0"
        },
        "s3transfer": {
            "hashes": [
                "sha256:2482b4259524933a022d59da830f51bd746db62f047d6eb213f2f8855dcb8a13",
                "sha256:921a37e2aefc64145e7b73d50c71bb4f26f46e4c9f414dc648c6245ff92cf7db"
            ],
            "version": "==0.3.3"
        },
        "six": {
            "hashes": [
                "sha256:30639c035cdb23534cd4aa2dd52c3bf48f06e5f4a941509c8bafd8ce11080259",
                "sha256:8b74bedcbbbaca38ff6d7491d76f2b06b3592611af620f8426e82dddb04a5ced"
            ],
            "markers": "python_version >= '2.7' and python_version not in '3.0, 3.1, 3.2, 3.3'",
            "version": "==1.15.0"
        },
        "snowflake-connector-python": {
            "hashes": [
                "sha256:1f945c91befda4d551b7939039f68b82e153f317ab1e5741d66fe08773f370a7",
                "sha256:22d8ffbb15a53409dfd982ab9bf31b11569883adfb5e3d59ca441ffb6bae5dd9",
                "sha256:39067799af59673c11fa1c908f2c2e97db4d1bf7f79aaf4e19bbbd09a7bf44be",
                "sha256:39d358a8dc84f8e417efb50de6306ded84ca03f85d36e31230db093d36abe8fc",
                "sha256:425b6ad25f0d0689b306ef300bbc390c59aff993d39c54e83419e75fab9f907f",
                "sha256:48607c25b0b3d41c5faffb251771e055c7123743ef3012e80f8a0cbd1c802ad9",
                "sha256:56bb9c78a059c88b7f588983cbea374ede5b7b808413cc08f4d7e7ceb7f89fc8",
                "sha256:6c05dd68bff137ebf517eefc34bfcd9a40444f7deabb0a73d1dd472e4da36191",
                "sha256:7db35479230c9b0944b111a4de5b4d82acb22441dadd9ba4dc3da87788db082b",
                "sha256:818919b68121eef637e3f1dd44a74304caf31ffe603281c74d8641841d0bdcac",
                "sha256:837802d1a37e002af88994a5b1bb0f0826c5f1010dd9003e95e9d1f9ba54f9aa",
                "sha256:a1037562d3ea3d5aa08b0483741a01d516974716e5768a1f62aad5f670f48c00",
                "sha256:bbe74c2cb69f2503e9db7976d4f72d76b6e46eccb0b9d80880b10218ecd2565c",
                "sha256:c880f86514008555afa62562def1e975f23c61ff4b3fc1991932ed692ac61a6d",
                "sha256:d4972890a95ba1dee6f6a38d878e366dba602aebd47e8f038d688b61f21c6813",
                "sha256:d86cd12532921e05ecdf5f101ca1938862a17839ed546f7c490e33525a7af33e"
            ],
            "index": "pypi",
            "version": "==2.2.9"
        },
        "snowflake-sqlalchemy": {
            "hashes": [
                "sha256:213d0530d1f62a9fc38d568bf6dff45e3baf11a38e7237f8625c4a32d6756183",
                "sha256:2c598ef37623ef4d035a827f1e84725b3239a47f4366417d089de88f72fc4ac9"
            ],
            "index": "pypi",
            "version": "==1.2.3"
        },
        "sqlalchemy": {
            "hashes": [
                "sha256:0942a3a0df3f6131580eddd26d99071b48cfe5aaf3eab2783076fbc5a1c1882e",
                "sha256:0ec575db1b54909750332c2e335c2bb11257883914a03bc5a3306a4488ecc772",
                "sha256:109581ccc8915001e8037b73c29590e78ce74be49ca0a3630a23831f9e3ed6c7",
                "sha256:16593fd748944726540cd20f7e83afec816c2ac96b082e26ae226e8f7e9688cf",
                "sha256:427273b08efc16a85aa2b39892817e78e3ed074fcb89b2a51c4979bae7e7ba98",
                "sha256:50c4ee32f0e1581828843267d8de35c3298e86ceecd5e9017dc45788be70a864",
                "sha256:512a85c3c8c3995cc91af3e90f38f460da5d3cade8dc3a229c8e0879037547c9",
                "sha256:57aa843b783179ab72e863512e14bdcba186641daf69e4e3a5761d705dcc35b1",
                "sha256:621f58cd921cd71ba6215c42954ffaa8a918eecd8c535d97befa1a8acad986dd",
                "sha256:6ac2558631a81b85e7fb7a44e5035347938b0a73f5fdc27a8566777d0792a6a4",
                "sha256:716754d0b5490bdcf68e1e4925edc02ac07209883314ad01a137642ddb2056f1",
                "sha256:736d41cfebedecc6f159fc4ac0769dc89528a989471dc1d378ba07d29a60ba1c",
                "sha256:8619b86cb68b185a778635be5b3e6018623c0761dde4df2f112896424aa27bd8",
                "sha256:87fad64529cde4f1914a5b9c383628e1a8f9e3930304c09cf22c2ae118a1280e",
                "sha256:89494df7f93b1836cae210c42864b292f9b31eeabca4810193761990dc689cce",
                "sha256:8cac7bb373a5f1423e28de3fd5fc8063b9c8ffe8957dc1b1a59cb90453db6da1",
                "sha256:8fd452dc3d49b3cc54483e033de6c006c304432e6f84b74d7b2c68afa2569ae5",
                "sha256:adad60eea2c4c2a1875eb6305a0b6e61a83163f8e233586a4d6a55221ef984fe",
                "sha256:c26f95e7609b821b5f08a72dab929baa0d685406b953efd7c89423a511d5c413",
                "sha256:cbe1324ef52ff26ccde2cb84b8593c8bf930069dfc06c1e616f1bfd4e47f48a3",
                "sha256:d05c4adae06bd0c7f696ae3ec8d993ed8ffcc4e11a76b1b35a5af8a099bd2284",
                "sha256:d98bc827a1293ae767c8f2f18be3bb5151fd37ddcd7da2a5f9581baeeb7a3fa1",
                "sha256:da2fb75f64792c1fc64c82313a00c728a7c301efe6a60b7a9fe35b16b4368ce7",
                "sha256:e4624d7edb2576cd72bb83636cd71c8ce544d8e272f308bd80885056972ca299",
                "sha256:e89e0d9e106f8a9180a4ca92a6adde60c58b1b0299e1b43bd5e0312f535fbf33",
                "sha256:f11c2437fb5f812d020932119ba02d9e2bc29a6eca01a055233a8b449e3e1e7d",
                "sha256:f57be5673e12763dd400fea568608700a63ce1c6bd5bdbc3cc3a2c5fdb045274",
                "sha256:fc728ece3d5c772c196fd338a99798e7efac7a04f9cb6416299a3638ee9a94cd"
            ],
            "index": "pypi",
            "version": "==1.3.18"
        },
        "starlette": {
            "hashes": [
                "sha256:04fe51d86fd9a594d9b71356ed322ccde5c9b448fc716ac74155e5821a922f8d",
                "sha256:0fb4b38d22945b46acb880fedee7ee143fd6c0542992501be8c45c0ed737dd1a"
            ],
            "markers": "python_version >= '3.6'",
            "version": "==0.13.4"
        },
        "urllib3": {
            "hashes": [
                "sha256:3018294ebefce6572a474f0604c2021e33b3fd8006ecd11d62107a5d2a963527",
                "sha256:88206b0eb87e6d677d424843ac5209e3fb9d0190d0ee169599165ec25e9d9115"
            ],
            "markers": "python_version != '3.4'",
            "version": "==1.25.9"
        },
        "uvicorn": {
            "hashes": [
                "sha256:50577d599775dac2301bac8bd5b540d19a9560144143c5bdab13cba92783b6e7",
                "sha256:596eaa8645b6dbc24d6610e335f8ddf5f925b4c4b86fdc7146abb0bf0da65d17"
            ],
            "index": "pypi",
            "version": "==0.11.5"
        },
        "uvloop": {
            "hashes": [
                "sha256:08b109f0213af392150e2fe6f81d33261bb5ce968a288eb698aad4f46eb711bd",
                "sha256:123ac9c0c7dd71464f58f1b4ee0bbd81285d96cdda8bc3519281b8973e3a461e",
                "sha256:4315d2ec3ca393dd5bc0b0089d23101276778c304d42faff5dc4579cb6caef09",
                "sha256:4544dcf77d74f3a84f03dd6278174575c44c67d7165d4c42c71db3fdc3860726",
                "sha256:afd5513c0ae414ec71d24f6f123614a80f3d27ca655a4fcf6cabe50994cc1891",
                "sha256:b4f591aa4b3fa7f32fb51e2ee9fea1b495eb75b0b3c8d0ca52514ad675ae63f7",
                "sha256:bcac356d62edd330080aed082e78d4b580ff260a677508718f88016333e2c9c5",
                "sha256:e7514d7a48c063226b7d06617cbb12a14278d4323a065a8d46a7962686ce2e95",
                "sha256:f07909cd9fc08c52d294b1570bba92186181ca01fe3dc9ffba68955273dd7362"
            ],
            "markers": "sys_platform != 'win32' and sys_platform != 'cygwin' and platform_python_implementation != 'PyPy'",
            "version": "==0.14.0"
        },
        "websockets": {
            "hashes": [
                "sha256:0e4fb4de42701340bd2353bb2eee45314651caa6ccee80dbd5f5d5978888fed5",
                "sha256:1d3f1bf059d04a4e0eb4985a887d49195e15ebabc42364f4eb564b1d065793f5",
                "sha256:20891f0dddade307ffddf593c733a3fdb6b83e6f9eef85908113e628fa5a8308",
                "sha256:295359a2cc78736737dd88c343cd0747546b2174b5e1adc223824bcaf3e164cb",
                "sha256:2db62a9142e88535038a6bcfea70ef9447696ea77891aebb730a333a51ed559a",
                "sha256:3762791ab8b38948f0c4d281c8b2ddfa99b7e510e46bd8dfa942a5fff621068c",
                "sha256:3db87421956f1b0779a7564915875ba774295cc86e81bc671631379371af1170",
                "sha256:3ef56fcc7b1ff90de46ccd5a687bbd13a3180132268c4254fc0fa44ecf4fc422",
                "sha256:4f9f7d28ce1d8f1295717c2c25b732c2bc0645db3215cf757551c392177d7cb8",
                "sha256:5c01fd846263a75bc8a2b9542606927cfad57e7282965d96b93c387622487485",
                "sha256:5c65d2da8c6bce0fca2528f69f44b2f977e06954c8512a952222cea50dad430f",
                "sha256:751a556205d8245ff94aeef23546a1113b1dd4f6e4d102ded66c39b99c2ce6c8",
                "sha256:7ff46d441db78241f4c6c27b3868c9ae71473fe03341340d2dfdbe8d79310acc",
                "sha256:965889d9f0e2a75edd81a07592d0ced54daa5b0785f57dc429c378edbcffe779",
                "sha256:9b248ba3dd8a03b1a10b19efe7d4f7fa41d158fdaa95e2cf65af5a7b95a4f989",
                "sha256:9bef37ee224e104a413f0780e29adb3e514a5b698aabe0d969a6ba426b8435d1",
                "sha256:c1ec8db4fac31850286b7cd3b9c0e1b944204668b8eb721674916d4e28744092",
                "sha256:c8a116feafdb1f84607cb3b14aa1418424ae71fee131642fc568d21423b51824",
                "sha256:ce85b06a10fc65e6143518b96d3dca27b081a740bae261c2fb20375801a9d56d",
                "sha256:d705f8aeecdf3262379644e4b55107a3b55860eb812b673b28d0fbc347a60c55",
                "sha256:e898a0863421650f0bebac8ba40840fc02258ef4714cb7e1fd76b6a6354bda36",
                "sha256:f8a7bff6e8664afc4e6c28b983845c5bc14965030e3fb98789734d416af77c4b"
            ],
            "markers": "python_full_version >= '3.6.1'",
            "version": "==8.1"
        }
    },
    "develop": {
        "astroid": {
            "hashes": [
                "sha256:2f4078c2a41bf377eea06d71c9d2ba4eb8f6b1af2135bec27bbbb7d8f12bb703",
                "sha256:bc58d83eb610252fd8de6363e39d4f1d0619c894b0ed24603b881c02e64c7386"
            ],
            "markers": "python_version >= '3.5'",
            "version": "==2.4.2"
        },
        "isort": {
            "hashes": [
                "sha256:069aa3af9b51c7f67311710e70514e685e868cd71cc1c39e78a5264f0d048c1e",
                "sha256:18aa2e5d9dd7314115baa20e81e242ee4a83f0e72f14c44a642749f69cc8dc26"
            ],
            "index": "pypi",
            "version": "==5.1.1"
        },
        "lazy-object-proxy": {
            "hashes": [
                "sha256:0c4b206227a8097f05c4dbdd323c50edf81f15db3b8dc064d08c62d37e1a504d",
                "sha256:194d092e6f246b906e8f70884e620e459fc54db3259e60cf69a4d66c3fda3449",
                "sha256:1be7e4c9f96948003609aa6c974ae59830a6baecc5376c25c92d7d697e684c08",
                "sha256:4677f594e474c91da97f489fea5b7daa17b5517190899cf213697e48d3902f5a",
                "sha256:48dab84ebd4831077b150572aec802f303117c8cc5c871e182447281ebf3ac50",
                "sha256:5541cada25cd173702dbd99f8e22434105456314462326f06dba3e180f203dfd",
                "sha256:59f79fef100b09564bc2df42ea2d8d21a64fdcda64979c0fa3db7bdaabaf6239",
                "sha256:8d859b89baf8ef7f8bc6b00aa20316483d67f0b1cbf422f5b4dc56701c8f2ffb",
                "sha256:9254f4358b9b541e3441b007a0ea0764b9d056afdeafc1a5569eee1cc6c1b9ea",
                "sha256:9651375199045a358eb6741df3e02a651e0330be090b3bc79f6d0de31a80ec3e",
                "sha256:97bb5884f6f1cdce0099f86b907aa41c970c3c672ac8b9c8352789e103cf3156",
                "sha256:9b15f3f4c0f35727d3a0fba4b770b3c4ebbb1fa907dbcc046a1d2799f3edd142",
                "sha256:a2238e9d1bb71a56cd710611a1614d1194dc10a175c1e08d75e1a7bcc250d442",
                "sha256:a6ae12d08c0bf9909ce12385803a543bfe99b95fe01e752536a60af2b7797c62",
                "sha256:ca0a928a3ddbc5725be2dd1cf895ec0a254798915fb3a36af0964a0a4149e3db",
                "sha256:cb2c7c57005a6804ab66f106ceb8482da55f5314b7fcb06551db1edae4ad1531",
                "sha256:d74bb8693bf9cf75ac3b47a54d716bbb1a92648d5f781fc799347cfc95952383",
                "sha256:d945239a5639b3ff35b70a88c5f2f491913eb94871780ebfabb2568bd58afc5a",
                "sha256:eba7011090323c1dadf18b3b689845fd96a61ba0a1dfbd7f24b921398affc357",
                "sha256:efa1909120ce98bbb3777e8b6f92237f5d5c8ea6758efea36a473e1d38f7d3e4",
                "sha256:f3900e8a5de27447acbf900b4750b0ddfd7ec1ea7fbaf11dfa911141bc522af0"
            ],
            "markers": "python_version >= '2.7' and python_version not in '3.0, 3.1, 3.2, 3.3'",
            "version": "==1.4.3"
        },
        "mccabe": {
            "hashes": [
                "sha256:ab8a6258860da4b6677da4bd2fe5dc2c659cff31b3ee4f7f5d64e79735b80d42",
                "sha256:dd8d182285a0fe56bace7f45b5e7d1a6ebcbf524e8f3bd87eb0f125271b8831f"
            ],
            "version": "==0.6.1"
        },
        "pylint": {
            "hashes": [
                "sha256:7dd78437f2d8d019717dbf287772d0b2dbdfd13fc016aa7faa08d67bccc46adc",
                "sha256:d0ece7d223fe422088b0e8f13fa0a1e8eb745ebffcb8ed53d3e95394b6101a1c"
            ],
            "index": "pypi",
            "version": "==2.5.3"
        },
        "six": {
            "hashes": [
                "sha256:30639c035cdb23534cd4aa2dd52c3bf48f06e5f4a941509c8bafd8ce11080259",
                "sha256:8b74bedcbbbaca38ff6d7491d76f2b06b3592611af620f8426e82dddb04a5ced"
            ],
            "markers": "python_version >= '2.7' and python_version not in '3.0, 3.1, 3.2, 3.3'",
            "version": "==1.15.0"
        },
        "toml": {
            "hashes": [
                "sha256:926b612be1e5ce0634a2ca03470f95169cf16f939018233a670519cb4ac58b0f",
                "sha256:bda89d5935c2eac546d648028b9901107a595863cb36bae0c73ac804a9b4ce88"
            ],
            "version": "==0.10.1"
        },
        "typed-ast": {
            "hashes": [
                "sha256:0666aa36131496aed8f7be0410ff974562ab7eeac11ef351def9ea6fa28f6355",
                "sha256:0c2c07682d61a629b68433afb159376e24e5b2fd4641d35424e462169c0a7919",
                "sha256:249862707802d40f7f29f6e1aad8d84b5aa9e44552d2cc17384b209f091276aa",
                "sha256:24995c843eb0ad11a4527b026b4dde3da70e1f2d8806c99b7b4a7cf491612652",
                "sha256:269151951236b0f9a6f04015a9004084a5ab0d5f19b57de779f908621e7d8b75",
                "sha256:4083861b0aa07990b619bd7ddc365eb7fa4b817e99cf5f8d9cf21a42780f6e01",
                "sha256:498b0f36cc7054c1fead3d7fc59d2150f4d5c6c56ba7fb150c013fbc683a8d2d",
                "sha256:4e3e5da80ccbebfff202a67bf900d081906c358ccc3d5e3c8aea42fdfdfd51c1",
                "sha256:6daac9731f172c2a22ade6ed0c00197ee7cc1221aa84cfdf9c31defeb059a907",
                "sha256:715ff2f2df46121071622063fc7543d9b1fd19ebfc4f5c8895af64a77a8c852c",
                "sha256:73d785a950fc82dd2a25897d525d003f6378d1cb23ab305578394694202a58c3",
                "sha256:8c8aaad94455178e3187ab22c8b01a3837f8ee50e09cf31f1ba129eb293ec30b",
                "sha256:8ce678dbaf790dbdb3eba24056d5364fb45944f33553dd5869b7580cdbb83614",
                "sha256:aaee9905aee35ba5905cfb3c62f3e83b3bec7b39413f0a7f19be4e547ea01ebb",
                "sha256:bcd3b13b56ea479b3650b82cabd6b5343a625b0ced5429e4ccad28a8973f301b",
                "sha256:c9e348e02e4d2b4a8b2eedb48210430658df6951fa484e59de33ff773fbd4b41",
                "sha256:d205b1b46085271b4e15f670058ce182bd1199e56b317bf2ec004b6a44f911f6",
                "sha256:d43943ef777f9a1c42bf4e552ba23ac77a6351de620aa9acf64ad54933ad4d34",
                "sha256:d5d33e9e7af3b34a40dc05f498939f0ebf187f07c385fd58d591c533ad8562fe",
                "sha256:fc0fea399acb12edbf8a628ba8d2312f583bdbdb3335635db062fa98cf71fca4",
                "sha256:fe460b922ec15dd205595c9b5b99e2f056fd98ae8f9f56b888e7a17dc2b757e7"
            ],
            "markers": "python_version < '3.8' and implementation_name == 'cpython'",
            "version": "==1.4.1"
        },
        "wrapt": {
            "hashes": [
                "sha256:b62ffa81fb85f4332a4f609cab4ac40709470da05643a082ec1eb88e6d9b97d7"
            ],
            "version": "==1.12.1"
        }
    }
}
